// !$*UTF8*$!
{
	archiveVersion = 1;
	classes = {
	};
	objectVersion = 51;
	objects = {

/* Begin PBXBuildFile section */
		008DAB660B81A4068A08F74F /* Pods_InterviewMecar_InterviewMecarUITests.framework in Frameworks */ = {isa = PBXBuildFile; fileRef = AD88826DEC67B8A0EA3AC23A /* Pods_InterviewMecar_InterviewMecarUITests.framework */; };
		3B8CD574FBB6812572811064 /* Pods_InterviewMecarTests.framework in Frameworks */ = {isa = PBXBuildFile; fileRef = C78A7B553B716E261CCE0C27 /* Pods_InterviewMecarTests.framework */; };
		791796A4EE6F2A334C52515C /* Pods_InterviewMecar.framework in Frameworks */ = {isa = PBXBuildFile; fileRef = E00573270EA84B2DB1E1CC28 /* Pods_InterviewMecar.framework */; };
		A43C36E52606E5D700490606 /* PhotoCollectionViewCell.swift in Sources */ = {isa = PBXBuildFile; fileRef = A43C36E32606E5D700490606 /* PhotoCollectionViewCell.swift */; };
		A43C36E62606E5D700490606 /* PhotoCollectionViewCell.xib in Resources */ = {isa = PBXBuildFile; fileRef = A43C36E42606E5D700490606 /* PhotoCollectionViewCell.xib */; };
		A43C36F22606F84000490606 /* Photos.json in Resources */ = {isa = PBXBuildFile; fileRef = A43C36F12606F84000490606 /* Photos.json */; };
		A43FD74126064F710016B9AA /* TabItem.swift in Sources */ = {isa = PBXBuildFile; fileRef = A43FD74026064F710016B9AA /* TabItem.swift */; };
		A43FD74C260650E20016B9AA /* BaseTabbarController.swift in Sources */ = {isa = PBXBuildFile; fileRef = A43FD74B260650E20016B9AA /* BaseTabbarController.swift */; };
		A43FD751260651120016B9AA /* CustomTabbar.swift in Sources */ = {isa = PBXBuildFile; fileRef = A43FD750260651120016B9AA /* CustomTabbar.swift */; };
		A43FD7742606D39B0016B9AA /* PhotoModel.swift in Sources */ = {isa = PBXBuildFile; fileRef = A43FD7732606D39B0016B9AA /* PhotoModel.swift */; };
		A471BDC82604545500C60F2A /* AppDelegate.swift in Sources */ = {isa = PBXBuildFile; fileRef = A471BDC72604545500C60F2A /* AppDelegate.swift */; };
		A471BDCA2604545500C60F2A /* SceneDelegate.swift in Sources */ = {isa = PBXBuildFile; fileRef = A471BDC92604545500C60F2A /* SceneDelegate.swift */; };
		A471BDD12604545500C60F2A /* Assets.xcassets in Resources */ = {isa = PBXBuildFile; fileRef = A471BDD02604545500C60F2A /* Assets.xcassets */; };
		A471BDD42604545500C60F2A /* LaunchScreen.storyboard in Resources */ = {isa = PBXBuildFile; fileRef = A471BDD22604545500C60F2A /* LaunchScreen.storyboard */; };
		A471BDDF2604545600C60F2A /* InterviewMecarTests.swift in Sources */ = {isa = PBXBuildFile; fileRef = A471BDDE2604545600C60F2A /* InterviewMecarTests.swift */; };
		A471BDEA2604545600C60F2A /* InterviewMecarUITests.swift in Sources */ = {isa = PBXBuildFile; fileRef = A471BDE92604545600C60F2A /* InterviewMecarUITests.swift */; };
		A471BE392604597000C60F2A /* GoogleService-Info.plist in Resources */ = {isa = PBXBuildFile; fileRef = A471BE382604597000C60F2A /* GoogleService-Info.plist */; };
		A471BE4826045BCD00C60F2A /* Constant.swift in Sources */ = {isa = PBXBuildFile; fileRef = A471BE4726045BCD00C60F2A /* Constant.swift */; };
		A471BE4D26045BD600C60F2A /* Enums.swift in Sources */ = {isa = PBXBuildFile; fileRef = A471BE4C26045BD600C60F2A /* Enums.swift */; };
		A471BE5426045DA500C60F2A /* IntoduceViewController.swift in Sources */ = {isa = PBXBuildFile; fileRef = A471BE5226045DA500C60F2A /* IntoduceViewController.swift */; };
		A471BE5526045DA500C60F2A /* IntoduceViewController.xib in Resources */ = {isa = PBXBuildFile; fileRef = A471BE5326045DA500C60F2A /* IntoduceViewController.xib */; };
		A471BE5F26045DF700C60F2A /* UIColor+Extension.swift in Sources */ = {isa = PBXBuildFile; fileRef = A471BE5E26045DF700C60F2A /* UIColor+Extension.swift */; };
		A471BE7926045E7800C60F2A /* Roboto-Bold.ttf in Resources */ = {isa = PBXBuildFile; fileRef = A471BE6726045E7700C60F2A /* Roboto-Bold.ttf */; };
		A471BE7A26045E7800C60F2A /* Roboto-Black.ttf in Resources */ = {isa = PBXBuildFile; fileRef = A471BE6826045E7700C60F2A /* Roboto-Black.ttf */; };
		A471BE7B26045E7800C60F2A /* RobotoCondensed-BoldItalic.ttf in Resources */ = {isa = PBXBuildFile; fileRef = A471BE6926045E7700C60F2A /* RobotoCondensed-BoldItalic.ttf */; };
		A471BE7C26045E7800C60F2A /* Roboto-Italic.ttf in Resources */ = {isa = PBXBuildFile; fileRef = A471BE6A26045E7700C60F2A /* Roboto-Italic.ttf */; };
		A471BE7D26045E7800C60F2A /* RobotoCondensed-Bold.ttf in Resources */ = {isa = PBXBuildFile; fileRef = A471BE6B26045E7700C60F2A /* RobotoCondensed-Bold.ttf */; };
		A471BE7E26045E7800C60F2A /* Roboto-BoldItalic.ttf in Resources */ = {isa = PBXBuildFile; fileRef = A471BE6C26045E7700C60F2A /* Roboto-BoldItalic.ttf */; };
		A471BE7F26045E7800C60F2A /* Roboto-LightItalic.ttf in Resources */ = {isa = PBXBuildFile; fileRef = A471BE6D26045E7700C60F2A /* Roboto-LightItalic.ttf */; };
		A471BE8026045E7800C60F2A /* RobotoCondensed-Regular.ttf in Resources */ = {isa = PBXBuildFile; fileRef = A471BE6E26045E7700C60F2A /* RobotoCondensed-Regular.ttf */; };
		A471BE8126045E7800C60F2A /* Roboto-BlackItalic.ttf in Resources */ = {isa = PBXBuildFile; fileRef = A471BE6F26045E7800C60F2A /* Roboto-BlackItalic.ttf */; };
		A471BE8226045E7800C60F2A /* Roboto-Light.ttf in Resources */ = {isa = PBXBuildFile; fileRef = A471BE7026045E7800C60F2A /* Roboto-Light.ttf */; };
		A471BE8326045E7800C60F2A /* Roboto-Regular.ttf in Resources */ = {isa = PBXBuildFile; fileRef = A471BE7126045E7800C60F2A /* Roboto-Regular.ttf */; };
		A471BE8426045E7800C60F2A /* RobotoCondensed-Italic.ttf in Resources */ = {isa = PBXBuildFile; fileRef = A471BE7226045E7800C60F2A /* RobotoCondensed-Italic.ttf */; };
		A471BE8526045E7800C60F2A /* RobotoCondensed-Light.ttf in Resources */ = {isa = PBXBuildFile; fileRef = A471BE7326045E7800C60F2A /* RobotoCondensed-Light.ttf */; };
		A471BE8626045E7800C60F2A /* Roboto-MediumItalic.ttf in Resources */ = {isa = PBXBuildFile; fileRef = A471BE7426045E7800C60F2A /* Roboto-MediumItalic.ttf */; };
		A471BE8726045E7800C60F2A /* RobotoCondensed-LightItalic.ttf in Resources */ = {isa = PBXBuildFile; fileRef = A471BE7526045E7800C60F2A /* RobotoCondensed-LightItalic.ttf */; };
		A471BE8826045E7800C60F2A /* Roboto-Thin.ttf in Resources */ = {isa = PBXBuildFile; fileRef = A471BE7626045E7800C60F2A /* Roboto-Thin.ttf */; };
		A471BE8926045E7800C60F2A /* Roboto-ThinItalic.ttf in Resources */ = {isa = PBXBuildFile; fileRef = A471BE7726045E7800C60F2A /* Roboto-ThinItalic.ttf */; };
		A471BE8A26045E7800C60F2A /* Roboto-Medium.ttf in Resources */ = {isa = PBXBuildFile; fileRef = A471BE7826045E7800C60F2A /* Roboto-Medium.ttf */; };
		A471BE8F26045FAB00C60F2A /* UIFont+Extension.swift in Sources */ = {isa = PBXBuildFile; fileRef = A471BE8E26045FAB00C60F2A /* UIFont+Extension.swift */; };
		A471BE94260468F400C60F2A /* UIView+Extension.swift in Sources */ = {isa = PBXBuildFile; fileRef = A471BE93260468F400C60F2A /* UIView+Extension.swift */; };
		A471BE9A2604693600C60F2A /* SignUpViewController.swift in Sources */ = {isa = PBXBuildFile; fileRef = A471BE982604693600C60F2A /* SignUpViewController.swift */; };
		A471BE9B2604693600C60F2A /* SignUpViewController.xib in Resources */ = {isa = PBXBuildFile; fileRef = A471BE992604693600C60F2A /* SignUpViewController.xib */; };
		A471BEA12604694100C60F2A /* LoginViewController.swift in Sources */ = {isa = PBXBuildFile; fileRef = A471BE9F2604694100C60F2A /* LoginViewController.swift */; };
		A471BEA22604694100C60F2A /* LoginViewController.xib in Resources */ = {isa = PBXBuildFile; fileRef = A471BEA02604694100C60F2A /* LoginViewController.xib */; };
		A471BEA82604694E00C60F2A /* HomeViewController.swift in Sources */ = {isa = PBXBuildFile; fileRef = A471BEA62604694E00C60F2A /* HomeViewController.swift */; };
		A471BEA92604694E00C60F2A /* HomeViewController.xib in Resources */ = {isa = PBXBuildFile; fileRef = A471BEA72604694E00C60F2A /* HomeViewController.xib */; };
		A471BEAF2604695900C60F2A /* SearchViewController.swift in Sources */ = {isa = PBXBuildFile; fileRef = A471BEAD2604695900C60F2A /* SearchViewController.swift */; };
		A471BEB02604695900C60F2A /* SearchViewController.xib in Resources */ = {isa = PBXBuildFile; fileRef = A471BEAE2604695900C60F2A /* SearchViewController.xib */; };
		A471BEB62604696300C60F2A /* NewPhotoViewController.swift in Sources */ = {isa = PBXBuildFile; fileRef = A471BEB42604696300C60F2A /* NewPhotoViewController.swift */; };
		A471BEB72604696300C60F2A /* NewPhotoViewController.xib in Resources */ = {isa = PBXBuildFile; fileRef = A471BEB52604696300C60F2A /* NewPhotoViewController.xib */; };
		A471BEBD2604696F00C60F2A /* MessageViewController.swift in Sources */ = {isa = PBXBuildFile; fileRef = A471BEBB2604696F00C60F2A /* MessageViewController.swift */; };
		A471BEBE2604696F00C60F2A /* MessageViewController.xib in Resources */ = {isa = PBXBuildFile; fileRef = A471BEBC2604696F00C60F2A /* MessageViewController.xib */; };
		A471BEC42604697D00C60F2A /* ProfileViewController.swift in Sources */ = {isa = PBXBuildFile; fileRef = A471BEC22604697D00C60F2A /* ProfileViewController.swift */; };
		A471BEC52604697D00C60F2A /* ProfileViewController.xib in Resources */ = {isa = PBXBuildFile; fileRef = A471BEC32604697D00C60F2A /* ProfileViewController.xib */; };
		A471BECA2604729F00C60F2A /* UIImage+Extension.swift in Sources */ = {isa = PBXBuildFile; fileRef = A471BEC92604729F00C60F2A /* UIImage+Extension.swift */; };
		A471BECF26047F4100C60F2A /* UILabel+Extension.swift in Sources */ = {isa = PBXBuildFile; fileRef = A471BECE26047F4100C60F2A /* UILabel+Extension.swift */; };
		A471BEFB2604895600C60F2A /* String+Extension.swift in Sources */ = {isa = PBXBuildFile; fileRef = A471BEFA2604895600C60F2A /* String+Extension.swift */; };
		A471BF0026048AF000C60F2A /* Localizable.strings in Resources */ = {isa = PBXBuildFile; fileRef = A471BF0226048AF000C60F2A /* Localizable.strings */; };
		A471BF0B26048D4D00C60F2A /* AppConfigure.swift in Sources */ = {isa = PBXBuildFile; fileRef = A471BF0A26048D4D00C60F2A /* AppConfigure.swift */; };
		A471BF102604979B00C60F2A /* UITextField+Extension.swift in Sources */ = {isa = PBXBuildFile; fileRef = A471BF0F2604979B00C60F2A /* UITextField+Extension.swift */; };
		A471BF15260497FA00C60F2A /* CGFloat+Extension.swift in Sources */ = {isa = PBXBuildFile; fileRef = A471BF14260497FA00C60F2A /* CGFloat+Extension.swift */; };
		A471BF1E2604993100C60F2A /* Comfortaa-Light.ttf in Resources */ = {isa = PBXBuildFile; fileRef = A471BF1B2604993100C60F2A /* Comfortaa-Light.ttf */; };
		A471BF1F2604993100C60F2A /* Comfortaa-Regular.ttf in Resources */ = {isa = PBXBuildFile; fileRef = A471BF1C2604993100C60F2A /* Comfortaa-Regular.ttf */; };
		A471BF202604993100C60F2A /* Comfortaa-Bold.ttf in Resources */ = {isa = PBXBuildFile; fileRef = A471BF1D2604993100C60F2A /* Comfortaa-Bold.ttf */; };
		A471BF252604AC6600C60F2A /* UIViewController+Extension.swift in Sources */ = {isa = PBXBuildFile; fileRef = A471BF242604AC6600C60F2A /* UIViewController+Extension.swift */; };
/* End PBXBuildFile section */

/* Begin PBXContainerItemProxy section */
		A471BDDB2604545600C60F2A /* PBXContainerItemProxy */ = {
			isa = PBXContainerItemProxy;
			containerPortal = A471BDBC2604545500C60F2A /* Project object */;
			proxyType = 1;
			remoteGlobalIDString = A471BDC32604545500C60F2A;
			remoteInfo = InterviewMecar;
		};
		A471BDE62604545600C60F2A /* PBXContainerItemProxy */ = {
			isa = PBXContainerItemProxy;
			containerPortal = A471BDBC2604545500C60F2A /* Project object */;
			proxyType = 1;
			remoteGlobalIDString = A471BDC32604545500C60F2A;
			remoteInfo = InterviewMecar;
		};
/* End PBXContainerItemProxy section */

/* Begin PBXFileReference section */
		1598463C317D968D15DB32D3 /* Pods-InterviewMecarTests.release.xcconfig */ = {isa = PBXFileReference; includeInIndex = 1; lastKnownFileType = text.xcconfig; name = "Pods-InterviewMecarTests.release.xcconfig"; path = "Target Support Files/Pods-InterviewMecarTests/Pods-InterviewMecarTests.release.xcconfig"; sourceTree = "<group>"; };
		63B7A5B1F599F6C0D7C51408 /* Pods-InterviewMecar.release.xcconfig */ = {isa = PBXFileReference; includeInIndex = 1; lastKnownFileType = text.xcconfig; name = "Pods-InterviewMecar.release.xcconfig"; path = "Target Support Files/Pods-InterviewMecar/Pods-InterviewMecar.release.xcconfig"; sourceTree = "<group>"; };
		765A961F43AF46D3D4C93CFF /* Pods-InterviewMecarTests.debug.xcconfig */ = {isa = PBXFileReference; includeInIndex = 1; lastKnownFileType = text.xcconfig; name = "Pods-InterviewMecarTests.debug.xcconfig"; path = "Target Support Files/Pods-InterviewMecarTests/Pods-InterviewMecarTests.debug.xcconfig"; sourceTree = "<group>"; };
		A43C36E32606E5D700490606 /* PhotoCollectionViewCell.swift */ = {isa = PBXFileReference; lastKnownFileType = sourcecode.swift; path = PhotoCollectionViewCell.swift; sourceTree = "<group>"; };
		A43C36E42606E5D700490606 /* PhotoCollectionViewCell.xib */ = {isa = PBXFileReference; lastKnownFileType = file.xib; path = PhotoCollectionViewCell.xib; sourceTree = "<group>"; };
		A43C36F12606F84000490606 /* Photos.json */ = {isa = PBXFileReference; fileEncoding = 4; lastKnownFileType = text.json; path = Photos.json; sourceTree = "<group>"; };
		A43FD74026064F710016B9AA /* TabItem.swift */ = {isa = PBXFileReference; lastKnownFileType = sourcecode.swift; path = TabItem.swift; sourceTree = "<group>"; };
		A43FD74B260650E20016B9AA /* BaseTabbarController.swift */ = {isa = PBXFileReference; lastKnownFileType = sourcecode.swift; path = BaseTabbarController.swift; sourceTree = "<group>"; };
		A43FD750260651120016B9AA /* CustomTabbar.swift */ = {isa = PBXFileReference; lastKnownFileType = sourcecode.swift; path = CustomTabbar.swift; sourceTree = "<group>"; };
		A43FD7732606D39B0016B9AA /* PhotoModel.swift */ = {isa = PBXFileReference; lastKnownFileType = sourcecode.swift; path = PhotoModel.swift; sourceTree = "<group>"; };
		A471BDC42604545500C60F2A /* InterviewMecar.app */ = {isa = PBXFileReference; explicitFileType = wrapper.application; includeInIndex = 0; path = InterviewMecar.app; sourceTree = BUILT_PRODUCTS_DIR; };
		A471BDC72604545500C60F2A /* AppDelegate.swift */ = {isa = PBXFileReference; lastKnownFileType = sourcecode.swift; path = AppDelegate.swift; sourceTree = "<group>"; };
		A471BDC92604545500C60F2A /* SceneDelegate.swift */ = {isa = PBXFileReference; lastKnownFileType = sourcecode.swift; path = SceneDelegate.swift; sourceTree = "<group>"; };
		A471BDD02604545500C60F2A /* Assets.xcassets */ = {isa = PBXFileReference; lastKnownFileType = folder.assetcatalog; path = Assets.xcassets; sourceTree = "<group>"; };
		A471BDD32604545500C60F2A /* Base */ = {isa = PBXFileReference; lastKnownFileType = file.storyboard; name = Base; path = Base.lproj/LaunchScreen.storyboard; sourceTree = "<group>"; };
		A471BDD52604545500C60F2A /* Info.plist */ = {isa = PBXFileReference; lastKnownFileType = text.plist.xml; path = Info.plist; sourceTree = "<group>"; };
		A471BDDA2604545600C60F2A /* InterviewMecarTests.xctest */ = {isa = PBXFileReference; explicitFileType = wrapper.cfbundle; includeInIndex = 0; path = InterviewMecarTests.xctest; sourceTree = BUILT_PRODUCTS_DIR; };
		A471BDDE2604545600C60F2A /* InterviewMecarTests.swift */ = {isa = PBXFileReference; lastKnownFileType = sourcecode.swift; path = InterviewMecarTests.swift; sourceTree = "<group>"; };
		A471BDE02604545600C60F2A /* Info.plist */ = {isa = PBXFileReference; lastKnownFileType = text.plist.xml; path = Info.plist; sourceTree = "<group>"; };
		A471BDE52604545600C60F2A /* InterviewMecarUITests.xctest */ = {isa = PBXFileReference; explicitFileType = wrapper.cfbundle; includeInIndex = 0; path = InterviewMecarUITests.xctest; sourceTree = BUILT_PRODUCTS_DIR; };
		A471BDE92604545600C60F2A /* InterviewMecarUITests.swift */ = {isa = PBXFileReference; lastKnownFileType = sourcecode.swift; path = InterviewMecarUITests.swift; sourceTree = "<group>"; };
		A471BDEB2604545600C60F2A /* Info.plist */ = {isa = PBXFileReference; lastKnownFileType = text.plist.xml; path = Info.plist; sourceTree = "<group>"; };
		A471BE382604597000C60F2A /* GoogleService-Info.plist */ = {isa = PBXFileReference; fileEncoding = 4; lastKnownFileType = text.plist.xml; path = "GoogleService-Info.plist"; sourceTree = "<group>"; };
		A471BE4726045BCD00C60F2A /* Constant.swift */ = {isa = PBXFileReference; lastKnownFileType = sourcecode.swift; path = Constant.swift; sourceTree = "<group>"; };
		A471BE4C26045BD600C60F2A /* Enums.swift */ = {isa = PBXFileReference; lastKnownFileType = sourcecode.swift; path = Enums.swift; sourceTree = "<group>"; };
		A471BE5226045DA500C60F2A /* IntoduceViewController.swift */ = {isa = PBXFileReference; lastKnownFileType = sourcecode.swift; path = IntoduceViewController.swift; sourceTree = "<group>"; };
		A471BE5326045DA500C60F2A /* IntoduceViewController.xib */ = {isa = PBXFileReference; lastKnownFileType = file.xib; path = IntoduceViewController.xib; sourceTree = "<group>"; };
		A471BE5E26045DF700C60F2A /* UIColor+Extension.swift */ = {isa = PBXFileReference; lastKnownFileType = sourcecode.swift; path = "UIColor+Extension.swift"; sourceTree = "<group>"; };
		A471BE6726045E7700C60F2A /* Roboto-Bold.ttf */ = {isa = PBXFileReference; lastKnownFileType = file; path = "Roboto-Bold.ttf"; sourceTree = "<group>"; };
		A471BE6826045E7700C60F2A /* Roboto-Black.ttf */ = {isa = PBXFileReference; lastKnownFileType = file; path = "Roboto-Black.ttf"; sourceTree = "<group>"; };
		A471BE6926045E7700C60F2A /* RobotoCondensed-BoldItalic.ttf */ = {isa = PBXFileReference; lastKnownFileType = file; path = "RobotoCondensed-BoldItalic.ttf"; sourceTree = "<group>"; };
		A471BE6A26045E7700C60F2A /* Roboto-Italic.ttf */ = {isa = PBXFileReference; lastKnownFileType = file; path = "Roboto-Italic.ttf"; sourceTree = "<group>"; };
		A471BE6B26045E7700C60F2A /* RobotoCondensed-Bold.ttf */ = {isa = PBXFileReference; lastKnownFileType = file; path = "RobotoCondensed-Bold.ttf"; sourceTree = "<group>"; };
		A471BE6C26045E7700C60F2A /* Roboto-BoldItalic.ttf */ = {isa = PBXFileReference; lastKnownFileType = file; path = "Roboto-BoldItalic.ttf"; sourceTree = "<group>"; };
		A471BE6D26045E7700C60F2A /* Roboto-LightItalic.ttf */ = {isa = PBXFileReference; lastKnownFileType = file; path = "Roboto-LightItalic.ttf"; sourceTree = "<group>"; };
		A471BE6E26045E7700C60F2A /* RobotoCondensed-Regular.ttf */ = {isa = PBXFileReference; lastKnownFileType = file; path = "RobotoCondensed-Regular.ttf"; sourceTree = "<group>"; };
		A471BE6F26045E7800C60F2A /* Roboto-BlackItalic.ttf */ = {isa = PBXFileReference; lastKnownFileType = file; path = "Roboto-BlackItalic.ttf"; sourceTree = "<group>"; };
		A471BE7026045E7800C60F2A /* Roboto-Light.ttf */ = {isa = PBXFileReference; lastKnownFileType = file; path = "Roboto-Light.ttf"; sourceTree = "<group>"; };
		A471BE7126045E7800C60F2A /* Roboto-Regular.ttf */ = {isa = PBXFileReference; lastKnownFileType = file; path = "Roboto-Regular.ttf"; sourceTree = "<group>"; };
		A471BE7226045E7800C60F2A /* RobotoCondensed-Italic.ttf */ = {isa = PBXFileReference; lastKnownFileType = file; path = "RobotoCondensed-Italic.ttf"; sourceTree = "<group>"; };
		A471BE7326045E7800C60F2A /* RobotoCondensed-Light.ttf */ = {isa = PBXFileReference; lastKnownFileType = file; path = "RobotoCondensed-Light.ttf"; sourceTree = "<group>"; };
		A471BE7426045E7800C60F2A /* Roboto-MediumItalic.ttf */ = {isa = PBXFileReference; lastKnownFileType = file; path = "Roboto-MediumItalic.ttf"; sourceTree = "<group>"; };
		A471BE7526045E7800C60F2A /* RobotoCondensed-LightItalic.ttf */ = {isa = PBXFileReference; lastKnownFileType = file; path = "RobotoCondensed-LightItalic.ttf"; sourceTree = "<group>"; };
		A471BE7626045E7800C60F2A /* Roboto-Thin.ttf */ = {isa = PBXFileReference; lastKnownFileType = file; path = "Roboto-Thin.ttf"; sourceTree = "<group>"; };
		A471BE7726045E7800C60F2A /* Roboto-ThinItalic.ttf */ = {isa = PBXFileReference; lastKnownFileType = file; path = "Roboto-ThinItalic.ttf"; sourceTree = "<group>"; };
		A471BE7826045E7800C60F2A /* Roboto-Medium.ttf */ = {isa = PBXFileReference; lastKnownFileType = file; path = "Roboto-Medium.ttf"; sourceTree = "<group>"; };
		A471BE8E26045FAB00C60F2A /* UIFont+Extension.swift */ = {isa = PBXFileReference; lastKnownFileType = sourcecode.swift; path = "UIFont+Extension.swift"; sourceTree = "<group>"; };
		A471BE93260468F400C60F2A /* UIView+Extension.swift */ = {isa = PBXFileReference; lastKnownFileType = sourcecode.swift; path = "UIView+Extension.swift"; sourceTree = "<group>"; };
		A471BE982604693600C60F2A /* SignUpViewController.swift */ = {isa = PBXFileReference; lastKnownFileType = sourcecode.swift; path = SignUpViewController.swift; sourceTree = "<group>"; };
		A471BE992604693600C60F2A /* SignUpViewController.xib */ = {isa = PBXFileReference; lastKnownFileType = file.xib; path = SignUpViewController.xib; sourceTree = "<group>"; };
		A471BE9F2604694100C60F2A /* LoginViewController.swift */ = {isa = PBXFileReference; lastKnownFileType = sourcecode.swift; path = LoginViewController.swift; sourceTree = "<group>"; };
		A471BEA02604694100C60F2A /* LoginViewController.xib */ = {isa = PBXFileReference; lastKnownFileType = file.xib; path = LoginViewController.xib; sourceTree = "<group>"; };
		A471BEA62604694E00C60F2A /* HomeViewController.swift */ = {isa = PBXFileReference; lastKnownFileType = sourcecode.swift; path = HomeViewController.swift; sourceTree = "<group>"; };
		A471BEA72604694E00C60F2A /* HomeViewController.xib */ = {isa = PBXFileReference; lastKnownFileType = file.xib; path = HomeViewController.xib; sourceTree = "<group>"; };
		A471BEAD2604695900C60F2A /* SearchViewController.swift */ = {isa = PBXFileReference; lastKnownFileType = sourcecode.swift; path = SearchViewController.swift; sourceTree = "<group>"; };
		A471BEAE2604695900C60F2A /* SearchViewController.xib */ = {isa = PBXFileReference; lastKnownFileType = file.xib; path = SearchViewController.xib; sourceTree = "<group>"; };
		A471BEB42604696300C60F2A /* NewPhotoViewController.swift */ = {isa = PBXFileReference; lastKnownFileType = sourcecode.swift; path = NewPhotoViewController.swift; sourceTree = "<group>"; };
		A471BEB52604696300C60F2A /* NewPhotoViewController.xib */ = {isa = PBXFileReference; lastKnownFileType = file.xib; path = NewPhotoViewController.xib; sourceTree = "<group>"; };
		A471BEBB2604696F00C60F2A /* MessageViewController.swift */ = {isa = PBXFileReference; lastKnownFileType = sourcecode.swift; path = MessageViewController.swift; sourceTree = "<group>"; };
		A471BEBC2604696F00C60F2A /* MessageViewController.xib */ = {isa = PBXFileReference; lastKnownFileType = file.xib; path = MessageViewController.xib; sourceTree = "<group>"; };
		A471BEC22604697D00C60F2A /* ProfileViewController.swift */ = {isa = PBXFileReference; lastKnownFileType = sourcecode.swift; path = ProfileViewController.swift; sourceTree = "<group>"; };
		A471BEC32604697D00C60F2A /* ProfileViewController.xib */ = {isa = PBXFileReference; lastKnownFileType = file.xib; path = ProfileViewController.xib; sourceTree = "<group>"; };
		A471BEC92604729F00C60F2A /* UIImage+Extension.swift */ = {isa = PBXFileReference; lastKnownFileType = sourcecode.swift; path = "UIImage+Extension.swift"; sourceTree = "<group>"; };
		A471BECE26047F4100C60F2A /* UILabel+Extension.swift */ = {isa = PBXFileReference; lastKnownFileType = sourcecode.swift; path = "UILabel+Extension.swift"; sourceTree = "<group>"; };
		A471BEFA2604895600C60F2A /* String+Extension.swift */ = {isa = PBXFileReference; lastKnownFileType = sourcecode.swift; path = "String+Extension.swift"; sourceTree = "<group>"; };
		A471BEFF2604897300C60F2A /* vi */ = {isa = PBXFileReference; lastKnownFileType = text.plist.strings; name = vi; path = vi.lproj/LaunchScreen.strings; sourceTree = "<group>"; };
		A471BF0126048AF000C60F2A /* en */ = {isa = PBXFileReference; lastKnownFileType = text.plist.strings; name = en; path = en.lproj/Localizable.strings; sourceTree = "<group>"; };
		A471BF0626048AF400C60F2A /* vi */ = {isa = PBXFileReference; lastKnownFileType = text.plist.strings; name = vi; path = vi.lproj/Localizable.strings; sourceTree = "<group>"; };
		A471BF0A26048D4D00C60F2A /* AppConfigure.swift */ = {isa = PBXFileReference; lastKnownFileType = sourcecode.swift; path = AppConfigure.swift; sourceTree = "<group>"; };
		A471BF0F2604979B00C60F2A /* UITextField+Extension.swift */ = {isa = PBXFileReference; lastKnownFileType = sourcecode.swift; path = "UITextField+Extension.swift"; sourceTree = "<group>"; };
		A471BF14260497FA00C60F2A /* CGFloat+Extension.swift */ = {isa = PBXFileReference; lastKnownFileType = sourcecode.swift; path = "CGFloat+Extension.swift"; sourceTree = "<group>"; };
		A471BF1B2604993100C60F2A /* Comfortaa-Light.ttf */ = {isa = PBXFileReference; lastKnownFileType = file; path = "Comfortaa-Light.ttf"; sourceTree = "<group>"; };
		A471BF1C2604993100C60F2A /* Comfortaa-Regular.ttf */ = {isa = PBXFileReference; lastKnownFileType = file; path = "Comfortaa-Regular.ttf"; sourceTree = "<group>"; };
		A471BF1D2604993100C60F2A /* Comfortaa-Bold.ttf */ = {isa = PBXFileReference; lastKnownFileType = file; path = "Comfortaa-Bold.ttf"; sourceTree = "<group>"; };
		A471BF242604AC6600C60F2A /* UIViewController+Extension.swift */ = {isa = PBXFileReference; lastKnownFileType = sourcecode.swift; path = "UIViewController+Extension.swift"; sourceTree = "<group>"; };
		AA3BCC39EEFB12B6D37D0D1E /* Pods-InterviewMecar-InterviewMecarUITests.debug.xcconfig */ = {isa = PBXFileReference; includeInIndex = 1; lastKnownFileType = text.xcconfig; name = "Pods-InterviewMecar-InterviewMecarUITests.debug.xcconfig"; path = "Target Support Files/Pods-InterviewMecar-InterviewMecarUITests/Pods-InterviewMecar-InterviewMecarUITests.debug.xcconfig"; sourceTree = "<group>"; };
		AD88826DEC67B8A0EA3AC23A /* Pods_InterviewMecar_InterviewMecarUITests.framework */ = {isa = PBXFileReference; explicitFileType = wrapper.framework; includeInIndex = 0; path = Pods_InterviewMecar_InterviewMecarUITests.framework; sourceTree = BUILT_PRODUCTS_DIR; };
		C78A7B553B716E261CCE0C27 /* Pods_InterviewMecarTests.framework */ = {isa = PBXFileReference; explicitFileType = wrapper.framework; includeInIndex = 0; path = Pods_InterviewMecarTests.framework; sourceTree = BUILT_PRODUCTS_DIR; };
		DE20774811C96F56FC6E79A7 /* Pods-InterviewMecar.debug.xcconfig */ = {isa = PBXFileReference; includeInIndex = 1; lastKnownFileType = text.xcconfig; name = "Pods-InterviewMecar.debug.xcconfig"; path = "Target Support Files/Pods-InterviewMecar/Pods-InterviewMecar.debug.xcconfig"; sourceTree = "<group>"; };
		E00573270EA84B2DB1E1CC28 /* Pods_InterviewMecar.framework */ = {isa = PBXFileReference; explicitFileType = wrapper.framework; includeInIndex = 0; path = Pods_InterviewMecar.framework; sourceTree = BUILT_PRODUCTS_DIR; };
		E369C621A5697AE0A0EB9FAB /* Pods-InterviewMecar-InterviewMecarUITests.release.xcconfig */ = {isa = PBXFileReference; includeInIndex = 1; lastKnownFileType = text.xcconfig; name = "Pods-InterviewMecar-InterviewMecarUITests.release.xcconfig"; path = "Target Support Files/Pods-InterviewMecar-InterviewMecarUITests/Pods-InterviewMecar-InterviewMecarUITests.release.xcconfig"; sourceTree = "<group>"; };
/* End PBXFileReference section */

/* Begin PBXFrameworksBuildPhase section */
		A471BDC12604545500C60F2A /* Frameworks */ = {
			isa = PBXFrameworksBuildPhase;
			buildActionMask = 2147483647;
			files = (
				791796A4EE6F2A334C52515C /* Pods_InterviewMecar.framework in Frameworks */,
			);
			runOnlyForDeploymentPostprocessing = 0;
		};
		A471BDD72604545600C60F2A /* Frameworks */ = {
			isa = PBXFrameworksBuildPhase;
			buildActionMask = 2147483647;
			files = (
				3B8CD574FBB6812572811064 /* Pods_InterviewMecarTests.framework in Frameworks */,
			);
			runOnlyForDeploymentPostprocessing = 0;
		};
		A471BDE22604545600C60F2A /* Frameworks */ = {
			isa = PBXFrameworksBuildPhase;
			buildActionMask = 2147483647;
			files = (
				008DAB660B81A4068A08F74F /* Pods_InterviewMecar_InterviewMecarUITests.framework in Frameworks */,
			);
			runOnlyForDeploymentPostprocessing = 0;
		};
/* End PBXFrameworksBuildPhase section */

/* Begin PBXGroup section */
		737A0C98774334A2BDC27825 /* Pods */ = {
			isa = PBXGroup;
			children = (
				DE20774811C96F56FC6E79A7 /* Pods-InterviewMecar.debug.xcconfig */,
				63B7A5B1F599F6C0D7C51408 /* Pods-InterviewMecar.release.xcconfig */,
				AA3BCC39EEFB12B6D37D0D1E /* Pods-InterviewMecar-InterviewMecarUITests.debug.xcconfig */,
				E369C621A5697AE0A0EB9FAB /* Pods-InterviewMecar-InterviewMecarUITests.release.xcconfig */,
				765A961F43AF46D3D4C93CFF /* Pods-InterviewMecarTests.debug.xcconfig */,
				1598463C317D968D15DB32D3 /* Pods-InterviewMecarTests.release.xcconfig */,
			);
			path = Pods;
			sourceTree = "<group>";
		};
		8972EFE9752E3A2043CB0C12 /* Frameworks */ = {
			isa = PBXGroup;
			children = (
				E00573270EA84B2DB1E1CC28 /* Pods_InterviewMecar.framework */,
				AD88826DEC67B8A0EA3AC23A /* Pods_InterviewMecar_InterviewMecarUITests.framework */,
				C78A7B553B716E261CCE0C27 /* Pods_InterviewMecarTests.framework */,
			);
			name = Frameworks;
			sourceTree = "<group>";
		};
		A43C36F02606F80E00490606 /* DataTest */ = {
			isa = PBXGroup;
			children = (
				A43C36F12606F84000490606 /* Photos.json */,
			);
			path = DataTest;
			sourceTree = "<group>";
		};
		A43FD73E26064F5B0016B9AA /* Customize */ = {
			isa = PBXGroup;
			children = (
				A43FD73F26064F650016B9AA /* TabbarController */,
			);
			path = Customize;
			sourceTree = "<group>";
		};
		A43FD73F26064F650016B9AA /* TabbarController */ = {
			isa = PBXGroup;
			children = (
				A43FD74026064F710016B9AA /* TabItem.swift */,
				A43FD74B260650E20016B9AA /* BaseTabbarController.swift */,
				A43FD750260651120016B9AA /* CustomTabbar.swift */,
			);
			path = TabbarController;
			sourceTree = "<group>";
		};
		A43FD7552606CB060016B9AA /* PhotoCollectionViewCell */ = {
			isa = PBXGroup;
			children = (
				A43C36E32606E5D700490606 /* PhotoCollectionViewCell.swift */,
				A43C36E42606E5D700490606 /* PhotoCollectionViewCell.xib */,
			);
			path = PhotoCollectionViewCell;
			sourceTree = "<group>";
		};
		A43FD7712606D3790016B9AA /* Models */ = {
			isa = PBXGroup;
			children = (
				A43FD7722606D3840016B9AA /* PhotoModel */,
			);
			path = Models;
			sourceTree = "<group>";
		};
		A43FD7722606D3840016B9AA /* PhotoModel */ = {
			isa = PBXGroup;
			children = (
				A43FD7732606D39B0016B9AA /* PhotoModel.swift */,
			);
			path = PhotoModel;
			sourceTree = "<group>";
		};
		A471BDBB2604545500C60F2A = {
			isa = PBXGroup;
			children = (
				A471BDC62604545500C60F2A /* InterviewMecar */,
				A471BDDD2604545600C60F2A /* InterviewMecarTests */,
				A471BDE82604545600C60F2A /* InterviewMecarUITests */,
				A471BDC52604545500C60F2A /* Products */,
				737A0C98774334A2BDC27825 /* Pods */,
				8972EFE9752E3A2043CB0C12 /* Frameworks */,
			);
			sourceTree = "<group>";
		};
		A471BDC52604545500C60F2A /* Products */ = {
			isa = PBXGroup;
			children = (
				A471BDC42604545500C60F2A /* InterviewMecar.app */,
				A471BDDA2604545600C60F2A /* InterviewMecarTests.xctest */,
				A471BDE52604545600C60F2A /* InterviewMecarUITests.xctest */,
			);
			name = Products;
			sourceTree = "<group>";
		};
		A471BDC62604545500C60F2A /* InterviewMecar */ = {
			isa = PBXGroup;
			children = (
				A471BE00260455FF00C60F2A /* AppDelegate */,
				A471BE012604560800C60F2A /* Resources */,
				A471BE4526045B8700C60F2A /* Common */,
				A43FD7712606D3790016B9AA /* Models */,
				A471BE192604563600C60F2A /* ApplicationFlow */,
			);
			path = InterviewMecar;
			sourceTree = "<group>";
		};
		A471BDDD2604545600C60F2A /* InterviewMecarTests */ = {
			isa = PBXGroup;
			children = (
				A471BDDE2604545600C60F2A /* InterviewMecarTests.swift */,
				A471BDE02604545600C60F2A /* Info.plist */,
			);
			path = InterviewMecarTests;
			sourceTree = "<group>";
		};
		A471BDE82604545600C60F2A /* InterviewMecarUITests */ = {
			isa = PBXGroup;
			children = (
				A471BDE92604545600C60F2A /* InterviewMecarUITests.swift */,
				A471BDEB2604545600C60F2A /* Info.plist */,
			);
			path = InterviewMecarUITests;
			sourceTree = "<group>";
		};
		A471BE00260455FF00C60F2A /* AppDelegate */ = {
			isa = PBXGroup;
			children = (
				A471BDC72604545500C60F2A /* AppDelegate.swift */,
				A471BDC92604545500C60F2A /* SceneDelegate.swift */,
			);
			path = AppDelegate;
			sourceTree = "<group>";
		};
		A471BE012604560800C60F2A /* Resources */ = {
			isa = PBXGroup;
			children = (
				A43C36F02606F80E00490606 /* DataTest */,
				A471BE6626045E5800C60F2A /* Font */,
				A471BDD02604545500C60F2A /* Assets.xcassets */,
				A471BDD52604545500C60F2A /* Info.plist */,
				A471BE382604597000C60F2A /* GoogleService-Info.plist */,
			);
			path = Resources;
			sourceTree = "<group>";
		};
		A471BE192604563600C60F2A /* ApplicationFlow */ = {
			isa = PBXGroup;
			children = (
				A471BE1A2604563F00C60F2A /* SplashScreen */,
				A471BE5126045C6F00C60F2A /* IntroduceScreen */,
				A471BE5D26045DC100C60F2A /* SignUpScreen */,
				A471BE5C26045DB900C60F2A /* LoginScreen */,
				A471BE3D26045B0200C60F2A /* HomeScreen */,
				A471BE3E26045B0A00C60F2A /* SearchScreen */,
				A471BE3F26045B2700C60F2A /* NewPhotoScreen */,
				A471BE4026045B3200C60F2A /* MessageScreen */,
				A471BE4126045B4700C60F2A /* ProfileScreen */,
			);
			path = ApplicationFlow;
			sourceTree = "<group>";
		};
		A471BE1A2604563F00C60F2A /* SplashScreen */ = {
			isa = PBXGroup;
			children = (
				A471BDD22604545500C60F2A /* LaunchScreen.storyboard */,
			);
			path = SplashScreen;
			sourceTree = "<group>";
		};
		A471BE3D26045B0200C60F2A /* HomeScreen */ = {
			isa = PBXGroup;
			children = (
				A471BEA62604694E00C60F2A /* HomeViewController.swift */,
				A471BEA72604694E00C60F2A /* HomeViewController.xib */,
			);
			path = HomeScreen;
			sourceTree = "<group>";
		};
		A471BE3E26045B0A00C60F2A /* SearchScreen */ = {
			isa = PBXGroup;
			children = (
				A471BEAD2604695900C60F2A /* SearchViewController.swift */,
				A471BEAE2604695900C60F2A /* SearchViewController.xib */,
			);
			path = SearchScreen;
			sourceTree = "<group>";
		};
		A471BE3F26045B2700C60F2A /* NewPhotoScreen */ = {
			isa = PBXGroup;
			children = (
				A43FD7552606CB060016B9AA /* PhotoCollectionViewCell */,
				A471BEB42604696300C60F2A /* NewPhotoViewController.swift */,
				A471BEB52604696300C60F2A /* NewPhotoViewController.xib */,
			);
			path = NewPhotoScreen;
			sourceTree = "<group>";
		};
		A471BE4026045B3200C60F2A /* MessageScreen */ = {
			isa = PBXGroup;
			children = (
				A471BEBB2604696F00C60F2A /* MessageViewController.swift */,
				A471BEBC2604696F00C60F2A /* MessageViewController.xib */,
			);
			path = MessageScreen;
			sourceTree = "<group>";
		};
		A471BE4126045B4700C60F2A /* ProfileScreen */ = {
			isa = PBXGroup;
			children = (
				A471BEC22604697D00C60F2A /* ProfileViewController.swift */,
				A471BEC32604697D00C60F2A /* ProfileViewController.xib */,
			);
			path = ProfileScreen;
			sourceTree = "<group>";
		};
		A471BE4526045B8700C60F2A /* Common */ = {
			isa = PBXGroup;
			children = (
				A43FD73E26064F5B0016B9AA /* Customize */,
				A471BED7260482D400C60F2A /* Localization */,
				A471BE4626045BA600C60F2A /* Extensions */,
				A471BE4726045BCD00C60F2A /* Constant.swift */,
				A471BE4C26045BD600C60F2A /* Enums.swift */,
				A471BF0A26048D4D00C60F2A /* AppConfigure.swift */,
			);
			path = Common;
			sourceTree = "<group>";
		};
		A471BE4626045BA600C60F2A /* Extensions */ = {
			isa = PBXGroup;
			children = (
				A471BE5E26045DF700C60F2A /* UIColor+Extension.swift */,
				A471BE8E26045FAB00C60F2A /* UIFont+Extension.swift */,
				A471BE93260468F400C60F2A /* UIView+Extension.swift */,
				A471BEC92604729F00C60F2A /* UIImage+Extension.swift */,
				A471BECE26047F4100C60F2A /* UILabel+Extension.swift */,
				A471BEFA2604895600C60F2A /* String+Extension.swift */,
				A471BF0F2604979B00C60F2A /* UITextField+Extension.swift */,
				A471BF14260497FA00C60F2A /* CGFloat+Extension.swift */,
				A471BF242604AC6600C60F2A /* UIViewController+Extension.swift */,
			);
			path = Extensions;
			sourceTree = "<group>";
		};
		A471BE5126045C6F00C60F2A /* IntroduceScreen */ = {
			isa = PBXGroup;
			children = (
				A471BE5226045DA500C60F2A /* IntoduceViewController.swift */,
				A471BE5326045DA500C60F2A /* IntoduceViewController.xib */,
			);
			path = IntroduceScreen;
			sourceTree = "<group>";
		};
		A471BE5C26045DB900C60F2A /* LoginScreen */ = {
			isa = PBXGroup;
			children = (
				A471BE9F2604694100C60F2A /* LoginViewController.swift */,
				A471BEA02604694100C60F2A /* LoginViewController.xib */,
			);
			path = LoginScreen;
			sourceTree = "<group>";
		};
		A471BE5D26045DC100C60F2A /* SignUpScreen */ = {
			isa = PBXGroup;
			children = (
				A471BE982604693600C60F2A /* SignUpViewController.swift */,
				A471BE992604693600C60F2A /* SignUpViewController.xib */,
			);
			path = SignUpScreen;
			sourceTree = "<group>";
		};
		A471BE6626045E5800C60F2A /* Font */ = {
			isa = PBXGroup;
			children = (
				A471BF1A2604992900C60F2A /* Comfortaa */,
				A471BF192604991E00C60F2A /* Roboto */,
			);
			path = Font;
			sourceTree = "<group>";
		};
		A471BED7260482D400C60F2A /* Localization */ = {
			isa = PBXGroup;
			children = (
				A471BF0226048AF000C60F2A /* Localizable.strings */,
			);
			path = Localization;
			sourceTree = "<group>";
		};
		A471BF192604991E00C60F2A /* Roboto */ = {
			isa = PBXGroup;
			children = (
				A471BE6826045E7700C60F2A /* Roboto-Black.ttf */,
				A471BE6F26045E7800C60F2A /* Roboto-BlackItalic.ttf */,
				A471BE6726045E7700C60F2A /* Roboto-Bold.ttf */,
				A471BE6C26045E7700C60F2A /* Roboto-BoldItalic.ttf */,
				A471BE6A26045E7700C60F2A /* Roboto-Italic.ttf */,
				A471BE7026045E7800C60F2A /* Roboto-Light.ttf */,
				A471BE6D26045E7700C60F2A /* Roboto-LightItalic.ttf */,
				A471BE7826045E7800C60F2A /* Roboto-Medium.ttf */,
				A471BE7426045E7800C60F2A /* Roboto-MediumItalic.ttf */,
				A471BE7126045E7800C60F2A /* Roboto-Regular.ttf */,
				A471BE7626045E7800C60F2A /* Roboto-Thin.ttf */,
				A471BE7726045E7800C60F2A /* Roboto-ThinItalic.ttf */,
				A471BE6B26045E7700C60F2A /* RobotoCondensed-Bold.ttf */,
				A471BE6926045E7700C60F2A /* RobotoCondensed-BoldItalic.ttf */,
				A471BE7226045E7800C60F2A /* RobotoCondensed-Italic.ttf */,
				A471BE7326045E7800C60F2A /* RobotoCondensed-Light.ttf */,
				A471BE7526045E7800C60F2A /* RobotoCondensed-LightItalic.ttf */,
				A471BE6E26045E7700C60F2A /* RobotoCondensed-Regular.ttf */,
			);
			path = Roboto;
			sourceTree = "<group>";
		};
		A471BF1A2604992900C60F2A /* Comfortaa */ = {
			isa = PBXGroup;
			children = (
				A471BF1D2604993100C60F2A /* Comfortaa-Bold.ttf */,
				A471BF1B2604993100C60F2A /* Comfortaa-Light.ttf */,
				A471BF1C2604993100C60F2A /* Comfortaa-Regular.ttf */,
			);
			path = Comfortaa;
			sourceTree = "<group>";
		};
/* End PBXGroup section */

/* Begin PBXNativeTarget section */
		A471BDC32604545500C60F2A /* InterviewMecar */ = {
			isa = PBXNativeTarget;
			buildConfigurationList = A471BDEE2604545600C60F2A /* Build configuration list for PBXNativeTarget "InterviewMecar" */;
			buildPhases = (
				EA2210575F842763F74EB8E8 /* [CP] Check Pods Manifest.lock */,
				A471BDC02604545500C60F2A /* Sources */,
				A471BDC12604545500C60F2A /* Frameworks */,
				A471BDC22604545500C60F2A /* Resources */,
				6B7DCD27F6917CDC262F7D27 /* [CP] Embed Pods Frameworks */,
			);
			buildRules = (
			);
			dependencies = (
			);
			name = InterviewMecar;
			productName = InterviewMecar;
			productReference = A471BDC42604545500C60F2A /* InterviewMecar.app */;
			productType = "com.apple.product-type.application";
		};
		A471BDD92604545600C60F2A /* InterviewMecarTests */ = {
			isa = PBXNativeTarget;
			buildConfigurationList = A471BDF12604545600C60F2A /* Build configuration list for PBXNativeTarget "InterviewMecarTests" */;
			buildPhases = (
				615B7388652E4BCB9748A407 /* [CP] Check Pods Manifest.lock */,
				A471BDD62604545600C60F2A /* Sources */,
				A471BDD72604545600C60F2A /* Frameworks */,
				A471BDD82604545600C60F2A /* Resources */,
			);
			buildRules = (
			);
			dependencies = (
				A471BDDC2604545600C60F2A /* PBXTargetDependency */,
			);
			name = InterviewMecarTests;
			productName = InterviewMecarTests;
			productReference = A471BDDA2604545600C60F2A /* InterviewMecarTests.xctest */;
			productType = "com.apple.product-type.bundle.unit-test";
		};
		A471BDE42604545600C60F2A /* InterviewMecarUITests */ = {
			isa = PBXNativeTarget;
			buildConfigurationList = A471BDF42604545600C60F2A /* Build configuration list for PBXNativeTarget "InterviewMecarUITests" */;
			buildPhases = (
				B1376084CDC54B0085802D7C /* [CP] Check Pods Manifest.lock */,
				A471BDE12604545600C60F2A /* Sources */,
				A471BDE22604545600C60F2A /* Frameworks */,
				A471BDE32604545600C60F2A /* Resources */,
				E7B7950383C44188443C1B50 /* [CP] Embed Pods Frameworks */,
			);
			buildRules = (
			);
			dependencies = (
				A471BDE72604545600C60F2A /* PBXTargetDependency */,
			);
			name = InterviewMecarUITests;
			productName = InterviewMecarUITests;
			productReference = A471BDE52604545600C60F2A /* InterviewMecarUITests.xctest */;
			productType = "com.apple.product-type.bundle.ui-testing";
		};
/* End PBXNativeTarget section */

/* Begin PBXProject section */
		A471BDBC2604545500C60F2A /* Project object */ = {
			isa = PBXProject;
			attributes = {
				LastSwiftUpdateCheck = 1240;
				LastUpgradeCheck = 1240;
				TargetAttributes = {
					A471BDC32604545500C60F2A = {
						CreatedOnToolsVersion = 12.4;
					};
					A471BDD92604545600C60F2A = {
						CreatedOnToolsVersion = 12.4;
						TestTargetID = A471BDC32604545500C60F2A;
					};
					A471BDE42604545600C60F2A = {
						CreatedOnToolsVersion = 12.4;
						TestTargetID = A471BDC32604545500C60F2A;
					};
				};
			};
			buildConfigurationList = A471BDBF2604545500C60F2A /* Build configuration list for PBXProject "InterviewMecar" */;
			compatibilityVersion = "Xcode 9.3";
			developmentRegion = en;
			hasScannedForEncodings = 0;
			knownRegions = (
				en,
				Base,
				vi,
			);
			mainGroup = A471BDBB2604545500C60F2A;
			productRefGroup = A471BDC52604545500C60F2A /* Products */;
			projectDirPath = "";
			projectRoot = "";
			targets = (
				A471BDC32604545500C60F2A /* InterviewMecar */,
				A471BDD92604545600C60F2A /* InterviewMecarTests */,
				A471BDE42604545600C60F2A /* InterviewMecarUITests */,
			);
		};
/* End PBXProject section */

/* Begin PBXResourcesBuildPhase section */
		A471BDC22604545500C60F2A /* Resources */ = {
			isa = PBXResourcesBuildPhase;
			buildActionMask = 2147483647;
			files = (
				A471BE8726045E7800C60F2A /* RobotoCondensed-LightItalic.ttf in Resources */,
				A471BE8526045E7800C60F2A /* RobotoCondensed-Light.ttf in Resources */,
				A471BE7B26045E7800C60F2A /* RobotoCondensed-BoldItalic.ttf in Resources */,
				A471BE8926045E7800C60F2A /* Roboto-ThinItalic.ttf in Resources */,
				A471BE8426045E7800C60F2A /* RobotoCondensed-Italic.ttf in Resources */,
				A471BF202604993100C60F2A /* Comfortaa-Bold.ttf in Resources */,
				A471BF1E2604993100C60F2A /* Comfortaa-Light.ttf in Resources */,
				A471BE9B2604693600C60F2A /* SignUpViewController.xib in Resources */,
				A43C36F22606F84000490606 /* Photos.json in Resources */,
				A471BE7F26045E7800C60F2A /* Roboto-LightItalic.ttf in Resources */,
				A471BDD42604545500C60F2A /* LaunchScreen.storyboard in Resources */,
				A471BEA22604694100C60F2A /* LoginViewController.xib in Resources */,
				A471BE5526045DA500C60F2A /* IntoduceViewController.xib in Resources */,
				A471BEBE2604696F00C60F2A /* MessageViewController.xib in Resources */,
				A471BF1F2604993100C60F2A /* Comfortaa-Regular.ttf in Resources */,
				A471BE8A26045E7800C60F2A /* Roboto-Medium.ttf in Resources */,
				A471BE8226045E7800C60F2A /* Roboto-Light.ttf in Resources */,
				A471BEB02604695900C60F2A /* SearchViewController.xib in Resources */,
				A471BE8826045E7800C60F2A /* Roboto-Thin.ttf in Resources */,
				A471BE7D26045E7800C60F2A /* RobotoCondensed-Bold.ttf in Resources */,
				A471BE7926045E7800C60F2A /* Roboto-Bold.ttf in Resources */,
				A471BE8126045E7800C60F2A /* Roboto-BlackItalic.ttf in Resources */,
				A471BE8026045E7800C60F2A /* RobotoCondensed-Regular.ttf in Resources */,
				A471BE392604597000C60F2A /* GoogleService-Info.plist in Resources */,
				A471BE7C26045E7800C60F2A /* Roboto-Italic.ttf in Resources */,
				A471BDD12604545500C60F2A /* Assets.xcassets in Resources */,
				A471BE8326045E7800C60F2A /* Roboto-Regular.ttf in Resources */,
				A471BE7E26045E7800C60F2A /* Roboto-BoldItalic.ttf in Resources */,
				A471BEA92604694E00C60F2A /* HomeViewController.xib in Resources */,
				A471BF0026048AF000C60F2A /* Localizable.strings in Resources */,
				A471BE8626045E7800C60F2A /* Roboto-MediumItalic.ttf in Resources */,
				A471BE7A26045E7800C60F2A /* Roboto-Black.ttf in Resources */,
				A43C36E62606E5D700490606 /* PhotoCollectionViewCell.xib in Resources */,
				A471BEB72604696300C60F2A /* NewPhotoViewController.xib in Resources */,
				A471BEC52604697D00C60F2A /* ProfileViewController.xib in Resources */,
			);
			runOnlyForDeploymentPostprocessing = 0;
		};
		A471BDD82604545600C60F2A /* Resources */ = {
			isa = PBXResourcesBuildPhase;
			buildActionMask = 2147483647;
			files = (
			);
			runOnlyForDeploymentPostprocessing = 0;
		};
		A471BDE32604545600C60F2A /* Resources */ = {
			isa = PBXResourcesBuildPhase;
			buildActionMask = 2147483647;
			files = (
			);
			runOnlyForDeploymentPostprocessing = 0;
		};
/* End PBXResourcesBuildPhase section */

/* Begin PBXShellScriptBuildPhase section */
		615B7388652E4BCB9748A407 /* [CP] Check Pods Manifest.lock */ = {
			isa = PBXShellScriptBuildPhase;
			buildActionMask = 2147483647;
			files = (
			);
			inputFileListPaths = (
			);
			inputPaths = (
				"${PODS_PODFILE_DIR_PATH}/Podfile.lock",
				"${PODS_ROOT}/Manifest.lock",
			);
			name = "[CP] Check Pods Manifest.lock";
			outputFileListPaths = (
			);
			outputPaths = (
				"$(DERIVED_FILE_DIR)/Pods-InterviewMecarTests-checkManifestLockResult.txt",
			);
			runOnlyForDeploymentPostprocessing = 0;
			shellPath = /bin/sh;
			shellScript = "diff \"${PODS_PODFILE_DIR_PATH}/Podfile.lock\" \"${PODS_ROOT}/Manifest.lock\" > /dev/null\nif [ $? != 0 ] ; then\n    # print error to STDERR\n    echo \"error: The sandbox is not in sync with the Podfile.lock. Run 'pod install' or update your CocoaPods installation.\" >&2\n    exit 1\nfi\n# This output is used by Xcode 'outputs' to avoid re-running this script phase.\necho \"SUCCESS\" > \"${SCRIPT_OUTPUT_FILE_0}\"\n";
			showEnvVarsInLog = 0;
		};
		6B7DCD27F6917CDC262F7D27 /* [CP] Embed Pods Frameworks */ = {
			isa = PBXShellScriptBuildPhase;
			buildActionMask = 2147483647;
			files = (
			);
			inputFileListPaths = (
				"${PODS_ROOT}/Target Support Files/Pods-InterviewMecar/Pods-InterviewMecar-frameworks-${CONFIGURATION}-input-files.xcfilelist",
			);
			name = "[CP] Embed Pods Frameworks";
			outputFileListPaths = (
				"${PODS_ROOT}/Target Support Files/Pods-InterviewMecar/Pods-InterviewMecar-frameworks-${CONFIGURATION}-output-files.xcfilelist",
			);
			runOnlyForDeploymentPostprocessing = 0;
			shellPath = /bin/sh;
			shellScript = "\"${PODS_ROOT}/Target Support Files/Pods-InterviewMecar/Pods-InterviewMecar-frameworks.sh\"\n";
			showEnvVarsInLog = 0;
		};
		B1376084CDC54B0085802D7C /* [CP] Check Pods Manifest.lock */ = {
			isa = PBXShellScriptBuildPhase;
			buildActionMask = 2147483647;
			files = (
			);
			inputFileListPaths = (
			);
			inputPaths = (
				"${PODS_PODFILE_DIR_PATH}/Podfile.lock",
				"${PODS_ROOT}/Manifest.lock",
			);
			name = "[CP] Check Pods Manifest.lock";
			outputFileListPaths = (
			);
			outputPaths = (
				"$(DERIVED_FILE_DIR)/Pods-InterviewMecar-InterviewMecarUITests-checkManifestLockResult.txt",
			);
			runOnlyForDeploymentPostprocessing = 0;
			shellPath = /bin/sh;
			shellScript = "diff \"${PODS_PODFILE_DIR_PATH}/Podfile.lock\" \"${PODS_ROOT}/Manifest.lock\" > /dev/null\nif [ $? != 0 ] ; then\n    # print error to STDERR\n    echo \"error: The sandbox is not in sync with the Podfile.lock. Run 'pod install' or update your CocoaPods installation.\" >&2\n    exit 1\nfi\n# This output is used by Xcode 'outputs' to avoid re-running this script phase.\necho \"SUCCESS\" > \"${SCRIPT_OUTPUT_FILE_0}\"\n";
			showEnvVarsInLog = 0;
		};
		E7B7950383C44188443C1B50 /* [CP] Embed Pods Frameworks */ = {
			isa = PBXShellScriptBuildPhase;
			buildActionMask = 2147483647;
			files = (
			);
			inputFileListPaths = (
				"${PODS_ROOT}/Target Support Files/Pods-InterviewMecar-InterviewMecarUITests/Pods-InterviewMecar-InterviewMecarUITests-frameworks-${CONFIGURATION}-input-files.xcfilelist",
			);
			name = "[CP] Embed Pods Frameworks";
			outputFileListPaths = (
				"${PODS_ROOT}/Target Support Files/Pods-InterviewMecar-InterviewMecarUITests/Pods-InterviewMecar-InterviewMecarUITests-frameworks-${CONFIGURATION}-output-files.xcfilelist",
			);
			runOnlyForDeploymentPostprocessing = 0;
			shellPath = /bin/sh;
			shellScript = "\"${PODS_ROOT}/Target Support Files/Pods-InterviewMecar-InterviewMecarUITests/Pods-InterviewMecar-InterviewMecarUITests-frameworks.sh\"\n";
			showEnvVarsInLog = 0;
		};
		EA2210575F842763F74EB8E8 /* [CP] Check Pods Manifest.lock */ = {
			isa = PBXShellScriptBuildPhase;
			buildActionMask = 2147483647;
			files = (
			);
			inputFileListPaths = (
			);
			inputPaths = (
				"${PODS_PODFILE_DIR_PATH}/Podfile.lock",
				"${PODS_ROOT}/Manifest.lock",
			);
			name = "[CP] Check Pods Manifest.lock";
			outputFileListPaths = (
			);
			outputPaths = (
				"$(DERIVED_FILE_DIR)/Pods-InterviewMecar-checkManifestLockResult.txt",
			);
			runOnlyForDeploymentPostprocessing = 0;
			shellPath = /bin/sh;
			shellScript = "diff \"${PODS_PODFILE_DIR_PATH}/Podfile.lock\" \"${PODS_ROOT}/Manifest.lock\" > /dev/null\nif [ $? != 0 ] ; then\n    # print error to STDERR\n    echo \"error: The sandbox is not in sync with the Podfile.lock. Run 'pod install' or update your CocoaPods installation.\" >&2\n    exit 1\nfi\n# This output is used by Xcode 'outputs' to avoid re-running this script phase.\necho \"SUCCESS\" > \"${SCRIPT_OUTPUT_FILE_0}\"\n";
			showEnvVarsInLog = 0;
		};
/* End PBXShellScriptBuildPhase section */

/* Begin PBXSourcesBuildPhase section */
		A471BDC02604545500C60F2A /* Sources */ = {
			isa = PBXSourcesBuildPhase;
			buildActionMask = 2147483647;
			files = (
				A43FD7742606D39B0016B9AA /* PhotoModel.swift in Sources */,
				A471BECF26047F4100C60F2A /* UILabel+Extension.swift in Sources */,
				A471BF0B26048D4D00C60F2A /* AppConfigure.swift in Sources */,
				A43FD74126064F710016B9AA /* TabItem.swift in Sources */,
				A471BEB62604696300C60F2A /* NewPhotoViewController.swift in Sources */,
				A471BE8F26045FAB00C60F2A /* UIFont+Extension.swift in Sources */,
				A471BDC82604545500C60F2A /* AppDelegate.swift in Sources */,
				A43FD751260651120016B9AA /* CustomTabbar.swift in Sources */,
				A471BF15260497FA00C60F2A /* CGFloat+Extension.swift in Sources */,
				A471BF102604979B00C60F2A /* UITextField+Extension.swift in Sources */,
				A43FD74C260650E20016B9AA /* BaseTabbarController.swift in Sources */,
				A471BE94260468F400C60F2A /* UIView+Extension.swift in Sources */,
				A471BDCA2604545500C60F2A /* SceneDelegate.swift in Sources */,
				A471BE4D26045BD600C60F2A /* Enums.swift in Sources */,
				A43C36E52606E5D700490606 /* PhotoCollectionViewCell.swift in Sources */,
				A471BEBD2604696F00C60F2A /* MessageViewController.swift in Sources */,
				A471BE5F26045DF700C60F2A /* UIColor+Extension.swift in Sources */,
				A471BF252604AC6600C60F2A /* UIViewController+Extension.swift in Sources */,
				A471BEAF2604695900C60F2A /* SearchViewController.swift in Sources */,
				A471BEFB2604895600C60F2A /* String+Extension.swift in Sources */,
				A471BE9A2604693600C60F2A /* SignUpViewController.swift in Sources */,
				A471BEA82604694E00C60F2A /* HomeViewController.swift in Sources */,
				A471BECA2604729F00C60F2A /* UIImage+Extension.swift in Sources */,
				A471BE4826045BCD00C60F2A /* Constant.swift in Sources */,
				A471BEC42604697D00C60F2A /* ProfileViewController.swift in Sources */,
				A471BEA12604694100C60F2A /* LoginViewController.swift in Sources */,
				A471BE5426045DA500C60F2A /* IntoduceViewController.swift in Sources */,
			);
			runOnlyForDeploymentPostprocessing = 0;
		};
		A471BDD62604545600C60F2A /* Sources */ = {
			isa = PBXSourcesBuildPhase;
			buildActionMask = 2147483647;
			files = (
				A471BDDF2604545600C60F2A /* InterviewMecarTests.swift in Sources */,
			);
			runOnlyForDeploymentPostprocessing = 0;
		};
		A471BDE12604545600C60F2A /* Sources */ = {
			isa = PBXSourcesBuildPhase;
			buildActionMask = 2147483647;
			files = (
				A471BDEA2604545600C60F2A /* InterviewMecarUITests.swift in Sources */,
			);
			runOnlyForDeploymentPostprocessing = 0;
		};
/* End PBXSourcesBuildPhase section */

/* Begin PBXTargetDependency section */
		A471BDDC2604545600C60F2A /* PBXTargetDependency */ = {
			isa = PBXTargetDependency;
			target = A471BDC32604545500C60F2A /* InterviewMecar */;
			targetProxy = A471BDDB2604545600C60F2A /* PBXContainerItemProxy */;
		};
		A471BDE72604545600C60F2A /* PBXTargetDependency */ = {
			isa = PBXTargetDependency;
			target = A471BDC32604545500C60F2A /* InterviewMecar */;
			targetProxy = A471BDE62604545600C60F2A /* PBXContainerItemProxy */;
		};
/* End PBXTargetDependency section */

/* Begin PBXVariantGroup section */
		A471BDD22604545500C60F2A /* LaunchScreen.storyboard */ = {
			isa = PBXVariantGroup;
			children = (
				A471BDD32604545500C60F2A /* Base */,
				A471BEFF2604897300C60F2A /* vi */,
			);
			name = LaunchScreen.storyboard;
			sourceTree = "<group>";
		};
		A471BF0226048AF000C60F2A /* Localizable.strings */ = {
			isa = PBXVariantGroup;
			children = (
				A471BF0126048AF000C60F2A /* en */,
				A471BF0626048AF400C60F2A /* vi */,
			);
			name = Localizable.strings;
			sourceTree = "<group>";
		};
/* End PBXVariantGroup section */

/* Begin XCBuildConfiguration section */
		A471BDEC2604545600C60F2A /* Debug */ = {
			isa = XCBuildConfiguration;
			buildSettings = {
				ALWAYS_SEARCH_USER_PATHS = NO;
				CLANG_ANALYZER_LOCALIZABILITY_NONLOCALIZED = YES;
				CLANG_ANALYZER_NONNULL = YES;
				CLANG_ANALYZER_NUMBER_OBJECT_CONVERSION = YES_AGGRESSIVE;
				CLANG_CXX_LANGUAGE_STANDARD = "gnu++14";
				CLANG_CXX_LIBRARY = "libc++";
				CLANG_ENABLE_MODULES = YES;
				CLANG_ENABLE_OBJC_ARC = YES;
				CLANG_ENABLE_OBJC_WEAK = YES;
				CLANG_WARN_BLOCK_CAPTURE_AUTORELEASING = YES;
				CLANG_WARN_BOOL_CONVERSION = YES;
				CLANG_WARN_COMMA = YES;
				CLANG_WARN_CONSTANT_CONVERSION = YES;
				CLANG_WARN_DEPRECATED_OBJC_IMPLEMENTATIONS = YES;
				CLANG_WARN_DIRECT_OBJC_ISA_USAGE = YES_ERROR;
				CLANG_WARN_DOCUMENTATION_COMMENTS = YES;
				CLANG_WARN_EMPTY_BODY = YES;
				CLANG_WARN_ENUM_CONVERSION = YES;
				CLANG_WARN_INFINITE_RECURSION = YES;
				CLANG_WARN_INT_CONVERSION = YES;
				CLANG_WARN_NON_LITERAL_NULL_CONVERSION = YES;
				CLANG_WARN_OBJC_IMPLICIT_RETAIN_SELF = YES;
				CLANG_WARN_OBJC_LITERAL_CONVERSION = YES;
				CLANG_WARN_OBJC_ROOT_CLASS = YES_ERROR;
				CLANG_WARN_QUOTED_INCLUDE_IN_FRAMEWORK_HEADER = YES;
				CLANG_WARN_RANGE_LOOP_ANALYSIS = YES;
				CLANG_WARN_STRICT_PROTOTYPES = YES;
				CLANG_WARN_SUSPICIOUS_MOVE = YES;
				CLANG_WARN_UNGUARDED_AVAILABILITY = YES_AGGRESSIVE;
				CLANG_WARN_UNREACHABLE_CODE = YES;
				CLANG_WARN__DUPLICATE_METHOD_MATCH = YES;
				COPY_PHASE_STRIP = NO;
				DEBUG_INFORMATION_FORMAT = dwarf;
				ENABLE_STRICT_OBJC_MSGSEND = YES;
				ENABLE_TESTABILITY = YES;
				GCC_C_LANGUAGE_STANDARD = gnu11;
				GCC_DYNAMIC_NO_PIC = NO;
				GCC_NO_COMMON_BLOCKS = YES;
				GCC_OPTIMIZATION_LEVEL = 0;
				GCC_PREPROCESSOR_DEFINITIONS = (
					"DEBUG=1",
					"$(inherited)",
				);
				GCC_WARN_64_TO_32_BIT_CONVERSION = YES;
				GCC_WARN_ABOUT_RETURN_TYPE = YES_ERROR;
				GCC_WARN_UNDECLARED_SELECTOR = YES;
				GCC_WARN_UNINITIALIZED_AUTOS = YES_AGGRESSIVE;
				GCC_WARN_UNUSED_FUNCTION = YES;
				GCC_WARN_UNUSED_VARIABLE = YES;
				IPHONEOS_DEPLOYMENT_TARGET = 14.4;
				MTL_ENABLE_DEBUG_INFO = INCLUDE_SOURCE;
				MTL_FAST_MATH = YES;
				ONLY_ACTIVE_ARCH = YES;
				SDKROOT = iphoneos;
				SWIFT_ACTIVE_COMPILATION_CONDITIONS = DEBUG;
				SWIFT_OPTIMIZATION_LEVEL = "-Onone";
			};
			name = Debug;
		};
		A471BDED2604545600C60F2A /* Release */ = {
			isa = XCBuildConfiguration;
			buildSettings = {
				ALWAYS_SEARCH_USER_PATHS = NO;
				CLANG_ANALYZER_LOCALIZABILITY_NONLOCALIZED = YES;
				CLANG_ANALYZER_NONNULL = YES;
				CLANG_ANALYZER_NUMBER_OBJECT_CONVERSION = YES_AGGRESSIVE;
				CLANG_CXX_LANGUAGE_STANDARD = "gnu++14";
				CLANG_CXX_LIBRARY = "libc++";
				CLANG_ENABLE_MODULES = YES;
				CLANG_ENABLE_OBJC_ARC = YES;
				CLANG_ENABLE_OBJC_WEAK = YES;
				CLANG_WARN_BLOCK_CAPTURE_AUTORELEASING = YES;
				CLANG_WARN_BOOL_CONVERSION = YES;
				CLANG_WARN_COMMA = YES;
				CLANG_WARN_CONSTANT_CONVERSION = YES;
				CLANG_WARN_DEPRECATED_OBJC_IMPLEMENTATIONS = YES;
				CLANG_WARN_DIRECT_OBJC_ISA_USAGE = YES_ERROR;
				CLANG_WARN_DOCUMENTATION_COMMENTS = YES;
				CLANG_WARN_EMPTY_BODY = YES;
				CLANG_WARN_ENUM_CONVERSION = YES;
				CLANG_WARN_INFINITE_RECURSION = YES;
				CLANG_WARN_INT_CONVERSION = YES;
				CLANG_WARN_NON_LITERAL_NULL_CONVERSION = YES;
				CLANG_WARN_OBJC_IMPLICIT_RETAIN_SELF = YES;
				CLANG_WARN_OBJC_LITERAL_CONVERSION = YES;
				CLANG_WARN_OBJC_ROOT_CLASS = YES_ERROR;
				CLANG_WARN_QUOTED_INCLUDE_IN_FRAMEWORK_HEADER = YES;
				CLANG_WARN_RANGE_LOOP_ANALYSIS = YES;
				CLANG_WARN_STRICT_PROTOTYPES = YES;
				CLANG_WARN_SUSPICIOUS_MOVE = YES;
				CLANG_WARN_UNGUARDED_AVAILABILITY = YES_AGGRESSIVE;
				CLANG_WARN_UNREACHABLE_CODE = YES;
				CLANG_WARN__DUPLICATE_METHOD_MATCH = YES;
				COPY_PHASE_STRIP = NO;
				DEBUG_INFORMATION_FORMAT = "dwarf-with-dsym";
				ENABLE_NS_ASSERTIONS = NO;
				ENABLE_STRICT_OBJC_MSGSEND = YES;
				GCC_C_LANGUAGE_STANDARD = gnu11;
				GCC_NO_COMMON_BLOCKS = YES;
				GCC_WARN_64_TO_32_BIT_CONVERSION = YES;
				GCC_WARN_ABOUT_RETURN_TYPE = YES_ERROR;
				GCC_WARN_UNDECLARED_SELECTOR = YES;
				GCC_WARN_UNINITIALIZED_AUTOS = YES_AGGRESSIVE;
				GCC_WARN_UNUSED_FUNCTION = YES;
				GCC_WARN_UNUSED_VARIABLE = YES;
				IPHONEOS_DEPLOYMENT_TARGET = 14.4;
				MTL_ENABLE_DEBUG_INFO = NO;
				MTL_FAST_MATH = YES;
				SDKROOT = iphoneos;
				SWIFT_COMPILATION_MODE = wholemodule;
				SWIFT_OPTIMIZATION_LEVEL = "-O";
				VALIDATE_PRODUCT = YES;
			};
			name = Release;
		};
		A471BDEF2604545600C60F2A /* Debug */ = {
			isa = XCBuildConfiguration;
			baseConfigurationReference = DE20774811C96F56FC6E79A7 /* Pods-InterviewMecar.debug.xcconfig */;
			buildSettings = {
				ASSETCATALOG_COMPILER_APPICON_NAME = AppIcon;
				ASSETCATALOG_COMPILER_GLOBAL_ACCENT_COLOR_NAME = AccentColor;
				CODE_SIGN_STYLE = Automatic;
				DEVELOPMENT_TEAM = K8753ZWXBB;
				INFOPLIST_FILE = InterviewMecar/Resources/Info.plist;
				IPHONEOS_DEPLOYMENT_TARGET = 13.0;
				LD_RUNPATH_SEARCH_PATHS = (
					"$(inherited)",
					"@executable_path/Frameworks",
				);
				PRODUCT_BUNDLE_IDENTIFIER = com.thanhbui.InterviewMecar;
				PRODUCT_NAME = "$(TARGET_NAME)";
				SWIFT_VERSION = 5.0;
				TARGETED_DEVICE_FAMILY = "1,2";
			};
			name = Debug;
		};
		A471BDF02604545600C60F2A /* Release */ = {
			isa = XCBuildConfiguration;
			baseConfigurationReference = 63B7A5B1F599F6C0D7C51408 /* Pods-InterviewMecar.release.xcconfig */;
			buildSettings = {
				ASSETCATALOG_COMPILER_APPICON_NAME = AppIcon;
				ASSETCATALOG_COMPILER_GLOBAL_ACCENT_COLOR_NAME = AccentColor;
				CODE_SIGN_STYLE = Automatic;
				DEVELOPMENT_TEAM = K8753ZWXBB;
				INFOPLIST_FILE = InterviewMecar/Resources/Info.plist;
				IPHONEOS_DEPLOYMENT_TARGET = 13.0;
				LD_RUNPATH_SEARCH_PATHS = (
					"$(inherited)",
					"@executable_path/Frameworks",
				);
				PRODUCT_BUNDLE_IDENTIFIER = com.thanhbui.InterviewMecar;
				PRODUCT_NAME = "$(TARGET_NAME)";
				SWIFT_VERSION = 5.0;
				TARGETED_DEVICE_FAMILY = "1,2";
			};
			name = Release;
		};
		A471BDF22604545600C60F2A /* Debug */ = {
			isa = XCBuildConfiguration;
			baseConfigurationReference = 765A961F43AF46D3D4C93CFF /* Pods-InterviewMecarTests.debug.xcconfig */;
			buildSettings = {
				ALWAYS_EMBED_SWIFT_STANDARD_LIBRARIES = YES;
				BUNDLE_LOADER = "$(TEST_HOST)";
				CODE_SIGN_STYLE = Automatic;
				DEVELOPMENT_TEAM = K8753ZWXBB;
				INFOPLIST_FILE = InterviewMecarTests/Info.plist;
				IPHONEOS_DEPLOYMENT_TARGET = 14.4;
				LD_RUNPATH_SEARCH_PATHS = (
					"$(inherited)",
					"@executable_path/Frameworks",
					"@loader_path/Frameworks",
				);
				PRODUCT_BUNDLE_IDENTIFIER = com.thanhbui.InterviewMecarTests;
				PRODUCT_NAME = "$(TARGET_NAME)";
				SWIFT_VERSION = 5.0;
				TARGETED_DEVICE_FAMILY = "1,2";
				TEST_HOST = "$(BUILT_PRODUCTS_DIR)/InterviewMecar.app/InterviewMecar";
			};
			name = Debug;
		};
		A471BDF32604545600C60F2A /* Release */ = {
			isa = XCBuildConfiguration;
			baseConfigurationReference = 1598463C317D968D15DB32D3 /* Pods-InterviewMecarTests.release.xcconfig */;
			buildSettings = {
				ALWAYS_EMBED_SWIFT_STANDARD_LIBRARIES = YES;
				BUNDLE_LOADER = "$(TEST_HOST)";
				CODE_SIGN_STYLE = Automatic;
				DEVELOPMENT_TEAM = K8753ZWXBB;
				INFOPLIST_FILE = InterviewMecarTests/Info.plist;
				IPHONEOS_DEPLOYMENT_TARGET = 14.4;
				LD_RUNPATH_SEARCH_PATHS = (
					"$(inherited)",
					"@executable_path/Frameworks",
					"@loader_path/Frameworks",
				);
				PRODUCT_BUNDLE_IDENTIFIER = com.thanhbui.InterviewMecarTests;
				PRODUCT_NAME = "$(TARGET_NAME)";
				SWIFT_VERSION = 5.0;
				TARGETED_DEVICE_FAMILY = "1,2";
				TEST_HOST = "$(BUILT_PRODUCTS_DIR)/InterviewMecar.app/InterviewMecar";
			};
			name = Release;
		};
		A471BDF52604545600C60F2A /* Debug */ = {
			isa = XCBuildConfiguration;
			baseConfigurationReference = AA3BCC39EEFB12B6D37D0D1E /* Pods-InterviewMecar-InterviewMecarUITests.debug.xcconfig */;
			buildSettings = {
				ALWAYS_EMBED_SWIFT_STANDARD_LIBRARIES = YES;
				CODE_SIGN_STYLE = Automatic;
				DEVELOPMENT_TEAM = K8753ZWXBB;
				INFOPLIST_FILE = InterviewMecarUITests/Info.plist;
				LD_RUNPATH_SEARCH_PATHS = (
					"$(inherited)",
					"@executable_path/Frameworks",
					"@loader_path/Frameworks",
				);
				PRODUCT_BUNDLE_IDENTIFIER = com.thanhbui.InterviewMecarUITests;
				PRODUCT_NAME = "$(TARGET_NAME)";
				SWIFT_VERSION = 5.0;
				TARGETED_DEVICE_FAMILY = "1,2";
				TEST_TARGET_NAME = InterviewMecar;
			};
			name = Debug;
		};
		A471BDF62604545600C60F2A /* Release */ = {
			isa = XCBuildConfiguration;
			baseConfigurationReference = E369C621A5697AE0A0EB9FAB /* Pods-InterviewMecar-InterviewMecarUITests.release.xcconfig */;
			buildSettings = {
				ALWAYS_EMBED_SWIFT_STANDARD_LIBRARIES = YES;
				CODE_SIGN_STYLE = Automatic;
				DEVELOPMENT_TEAM = K8753ZWXBB;
				INFOPLIST_FILE = InterviewMecarUITests/Info.plist;
				LD_RUNPATH_SEARCH_PATHS = (
					"$(inherited)",
					"@executable_path/Frameworks",
					"@loader_path/Frameworks",
				);
				PRODUCT_BUNDLE_IDENTIFIER = com.thanhbui.InterviewMecarUITests;
				PRODUCT_NAME = "$(TARGET_NAME)";
				SWIFT_VERSION = 5.0;
				TARGETED_DEVICE_FAMILY = "1,2";
				TEST_TARGET_NAME = InterviewMecar;
			};
			name = Release;
		};
/* End XCBuildConfiguration section */

/* Begin XCConfigurationList section */
		A471BDBF2604545500C60F2A /* Build configuration list for PBXProject "InterviewMecar" */ = {
			isa = XCConfigurationList;
			buildConfigurations = (
				A471BDEC2604545600C60F2A /* Debug */,
				A471BDED2604545600C60F2A /* Release */,
			);
			defaultConfigurationIsVisible = 0;
			defaultConfigurationName = Release;
		};
		A471BDEE2604545600C60F2A /* Build configuration list for PBXNativeTarget "InterviewMecar" */ = {
			isa = XCConfigurationList;
			buildConfigurations = (
				A471BDEF2604545600C60F2A /* Debug */,
				A471BDF02604545600C60F2A /* Release */,
			);
			defaultConfigurationIsVisible = 0;
			defaultConfigurationName = Release;
		};
		A471BDF12604545600C60F2A /* Build configuration list for PBXNativeTarget "InterviewMecarTests" */ = {
			isa = XCConfigurationList;
			buildConfigurations = (
				A471BDF22604545600C60F2A /* Debug */,
				A471BDF32604545600C60F2A /* Release */,
			);
			defaultConfigurationIsVisible = 0;
			defaultConfigurationName = Release;
		};
		A471BDF42604545600C60F2A /* Build configuration list for PBXNativeTarget "InterviewMecarUITests" */ = {
			isa = XCConfigurationList;
			buildConfigurations = (
				A471BDF52604545600C60F2A /* Debug */,
				A471BDF62604545600C60F2A /* Release */,
			);
			defaultConfigurationIsVisible = 0;
			defaultConfigurationName = Release;
		};
/* End XCConfigurationList section */
	};
	rootObject = A471BDBC2604545500C60F2A /* Project object */;
}
